
Microsoft Visual Studio Solution File, Format Version 12.00
# Visual Studio Version 17
VisualStudioVersion = 17.9.34728.123
MinimumVisualStudioVersion = 10.0.40219.1
Project("{FAE04EC0-301F-11D3-BF4B-00C04F79EFBC}") = "PayrollLibrary", "PayrollLibrary\PayrollLibrary.csproj", "{7DBC1635-92B9-40EF-998F-F9BF74C30B7C}"
EndProject
Project("{FAE04EC0-301F-11D3-BF4B-00C04F79EFBC}") = "WinFormGUI", "WinFormGUI\WinFormGUI.csproj", "{F85E594B-A0E3-43C1-A9C5-657F7FD0F840}"
EndProject
Project("{FAE04EC0-301F-11D3-BF4B-00C04F79EFBC}") = "ConsoleApp", "ConsoleApp\ConsoleApp.csproj", "{B9D11546-F261-4B75-BE9E-39648A41A7FE}"
EndProject
Global
	GlobalSection(SolutionConfigurationPlatforms) = preSolution
		Debug|Any CPU = Debug|Any CPU
		Release|Any CPU = Release|Any CPU
	EndGlobalSection
	GlobalSection(ProjectConfigurationPlatforms) = postSolution
		{7DBC1635-92B9-40EF-998F-F9BF74C30B7C}.Debug|Any CPU.ActiveCfg = Debug|Any CPU
		{7DBC1635-92B9-40EF-998F-F9BF74C30B7C}.Debug|Any CPU.Build.0 = Debug|Any CPU
		{7DBC1635-92B9-40EF-998F-F9BF74C30B7C}.Release|Any CPU.ActiveCfg = Release|Any CPU
		{7DBC1635-92B9-40EF-998F-F9BF74C30B7C}.Release|Any CPU.Build.0 = Release|Any CPU
		{F85E594B-A0E3-43C1-A9C5-657F7FD0F840}.Debug|Any CPU.ActiveCfg = Debug|Any CPU
		{F85E594B-A0E3-43C1-A9C5-657F7FD0F840}.Debug|Any CPU.Build.0 = Debug|Any CPU
		{F85E594B-A0E3-43C1-A9C5-657F7FD0F840}.Release|Any CPU.ActiveCfg = Release|Any CPU
		{F85E594B-A0E3-43C1-A9C5-657F7FD0F840}.Release|Any CPU.Build.0 = Release|Any CPU
		{B9D11546-F261-4B75-BE9E-39648A41A7FE}.Debug|Any CPU.ActiveCfg = Debug|Any CPU
		{B9D11546-F261-4B75-BE9E-39648A41A7FE}.Debug|Any CPU.Build.0 = Debug|Any CPU
		{B9D11546-F261-4B75-BE9E-39648A41A7FE}.Release|Any CPU.ActiveCfg = Release|Any CPU
		{B9D11546-F261-4B75-BE9E-39648A41A7FE}.Release|Any CPU.Build.0 = Release|Any CPU
	EndGlobalSection
	GlobalSection(SolutionProperties) = preSolution
		HideSolutionNode = FALSE
	EndGlobalSection
	GlobalSection(ExtensibilityGlobals) = postSolution
		SolutionGuid = {A3761616-7675-47C2-8B96-0C7CC27917EF}
	EndGlobalSection
EndGlobal
